
Microsoft Visual Studio Solution File, Format Version 12.00
# Visual Studio Version 17
VisualStudioVersion = 17.9.34616.47
MinimumVisualStudioVersion = 10.0.40219.1
Project("{9A19103F-16F7-4668-BE54-9A1E7A4F7556}") = "MathUtilsConsole", "MathUtilsConsole\MathUtilsConsole.csproj", "{D63FF7CC-0D15-426C-BD76-29E6DE5AD664}"
EndProject
Project("{9A19103F-16F7-4668-BE54-9A1E7A4F7556}") = "LinearAlgebraLib", "LinearAlgebraLib\LinearAlgebraLib.csproj", "{ACB49196-57E6-4466-B1CC-A336DEFB0F9B}"
EndProject
Project("{9A19103F-16F7-4668-BE54-9A1E7A4F7556}") = "LinearAlgebraTests", "LinearAlgebraTests\LinearAlgebraTests.csproj", "{0C5DBF30-FFD7-46A0-A322-B94CE0D6E8D6}"
EndProject
Project("{9A19103F-16F7-4668-BE54-9A1E7A4F7556}") = "BenchmarkConsole", "BenchmarkConsole\BenchmarkConsole.csproj", "{804B307E-AA52-4B16-97F3-30C9202442C7}"
EndProject
Project("{9A19103F-16F7-4668-BE54-9A1E7A4F7556}") = "GeometryLib", "GeometryLib\GeometryLib.csproj", "{0F8D13D5-A5FF-45CA-8891-8D280E53CD44}"
EndProject
Project("{9A19103F-16F7-4668-BE54-9A1E7A4F7556}") = "GeometryTests", "GeometryTests\GeometryTests.csproj", "{7F16305B-5443-4F4B-9281-094E865339A0}"
EndProject
Project("{2150E333-8FDC-42A3-9474-1A3956D46DE8}") = "Tests", "Tests", "{EAA557A7-5E32-4834-9D43-249E4CC042F6}"
EndProject
Project("{9A19103F-16F7-4668-BE54-9A1E7A4F7556}") = "DataPoolLib", "DataPoolLib\DataPoolLib.csproj", "{B347C20D-A20F-4D43-A678-8908EE95B4D9}"
EndProject
Project("{9A19103F-16F7-4668-BE54-9A1E7A4F7556}") = "CvxLib", "..\..\Cvx\CvxLib\CvxLib.csproj", "{4AF19F6F-42E9-4F8C-AA9E-B24E191557EB}"
EndProject
Global
	GlobalSection(SolutionConfigurationPlatforms) = preSolution
		Debug|Any CPU = Debug|Any CPU
		Release|Any CPU = Release|Any CPU
	EndGlobalSection
	GlobalSection(ProjectConfigurationPlatforms) = postSolution
		{D63FF7CC-0D15-426C-BD76-29E6DE5AD664}.Debug|Any CPU.ActiveCfg = Debug|Any CPU
		{D63FF7CC-0D15-426C-BD76-29E6DE5AD664}.Debug|Any CPU.Build.0 = Debug|Any CPU
		{D63FF7CC-0D15-426C-BD76-29E6DE5AD664}.Release|Any CPU.ActiveCfg = Release|Any CPU
		{D63FF7CC-0D15-426C-BD76-29E6DE5AD664}.Release|Any CPU.Build.0 = Release|Any CPU
		{ACB49196-57E6-4466-B1CC-A336DEFB0F9B}.Debug|Any CPU.ActiveCfg = Debug|Any CPU
		{ACB49196-57E6-4466-B1CC-A336DEFB0F9B}.Debug|Any CPU.Build.0 = Debug|Any CPU
		{ACB49196-57E6-4466-B1CC-A336DEFB0F9B}.Release|Any CPU.ActiveCfg = Release|Any CPU
		{ACB49196-57E6-4466-B1CC-A336DEFB0F9B}.Release|Any CPU.Build.0 = Release|Any CPU
		{0C5DBF30-FFD7-46A0-A322-B94CE0D6E8D6}.Debug|Any CPU.ActiveCfg = Debug|Any CPU
		{0C5DBF30-FFD7-46A0-A322-B94CE0D6E8D6}.Debug|Any CPU.Build.0 = Debug|Any CPU
		{0C5DBF30-FFD7-46A0-A322-B94CE0D6E8D6}.Release|Any CPU.ActiveCfg = Release|Any CPU
		{0C5DBF30-FFD7-46A0-A322-B94CE0D6E8D6}.Release|Any CPU.Build.0 = Release|Any CPU
		{804B307E-AA52-4B16-97F3-30C9202442C7}.Debug|Any CPU.ActiveCfg = Debug|Any CPU
		{804B307E-AA52-4B16-97F3-30C9202442C7}.Debug|Any CPU.Build.0 = Debug|Any CPU
		{804B307E-AA52-4B16-97F3-30C9202442C7}.Release|Any CPU.ActiveCfg = Release|Any CPU
		{804B307E-AA52-4B16-97F3-30C9202442C7}.Release|Any CPU.Build.0 = Release|Any CPU
		{0F8D13D5-A5FF-45CA-8891-8D280E53CD44}.Debug|Any CPU.ActiveCfg = Debug|Any CPU
		{0F8D13D5-A5FF-45CA-8891-8D280E53CD44}.Debug|Any CPU.Build.0 = Debug|Any CPU
		{0F8D13D5-A5FF-45CA-8891-8D280E53CD44}.Release|Any CPU.ActiveCfg = Release|Any CPU
		{0F8D13D5-A5FF-45CA-8891-8D280E53CD44}.Release|Any CPU.Build.0 = Release|Any CPU
		{7F16305B-5443-4F4B-9281-094E865339A0}.Debug|Any CPU.ActiveCfg = Debug|Any CPU
		{7F16305B-5443-4F4B-9281-094E865339A0}.Debug|Any CPU.Build.0 = Debug|Any CPU
		{7F16305B-5443-4F4B-9281-094E865339A0}.Release|Any CPU.ActiveCfg = Release|Any CPU
		{7F16305B-5443-4F4B-9281-094E865339A0}.Release|Any CPU.Build.0 = Release|Any CPU
		{B347C20D-A20F-4D43-A678-8908EE95B4D9}.Debug|Any CPU.ActiveCfg = Debug|Any CPU
		{B347C20D-A20F-4D43-A678-8908EE95B4D9}.Debug|Any CPU.Build.0 = Debug|Any CPU
		{B347C20D-A20F-4D43-A678-8908EE95B4D9}.Release|Any CPU.ActiveCfg = Release|Any CPU
		{B347C20D-A20F-4D43-A678-8908EE95B4D9}.Release|Any CPU.Build.0 = Release|Any CPU
		{4AF19F6F-42E9-4F8C-AA9E-B24E191557EB}.Debug|Any CPU.ActiveCfg = Debug|Any CPU
		{4AF19F6F-42E9-4F8C-AA9E-B24E191557EB}.Debug|Any CPU.Build.0 = Debug|Any CPU
		{4AF19F6F-42E9-4F8C-AA9E-B24E191557EB}.Release|Any CPU.ActiveCfg = Release|Any CPU
		{4AF19F6F-42E9-4F8C-AA9E-B24E191557EB}.Release|Any CPU.Build.0 = Release|Any CPU
	EndGlobalSection
	GlobalSection(SolutionProperties) = preSolution
		HideSolutionNode = FALSE
	EndGlobalSection
	GlobalSection(NestedProjects) = preSolution
		{0C5DBF30-FFD7-46A0-A322-B94CE0D6E8D6} = {EAA557A7-5E32-4834-9D43-249E4CC042F6}
		{804B307E-AA52-4B16-97F3-30C9202442C7} = {EAA557A7-5E32-4834-9D43-249E4CC042F6}
		{7F16305B-5443-4F4B-9281-094E865339A0} = {EAA557A7-5E32-4834-9D43-249E4CC042F6}
	EndGlobalSection
	GlobalSection(ExtensibilityGlobals) = postSolution
		SolutionGuid = {B3D2F29C-2F0D-4146-A75E-E4F50A34907A}
	EndGlobalSection
EndGlobal
